<?xml version="1.0" encoding="utf-8"?>
<Project ToolsVersion="16.0" xmlns="http://schemas.microsoft.com/developer/msbuild/2003">
  <ItemGroup>
    <CustomBuild Include="D:\Programming\Unreal\ProjectBM\Server\trd\oneTBB-master\CMakeFiles\27b5cc3b1c0630352057e5c1f1fd5ed8\RUN_TESTS_force.rule">
      <Filter>CMake Rules</Filter>
    </CustomBuild>
  </ItemGroup>
  <ItemGroup>
    <Filter Include="CMake Rules">
      <UniqueIdentifier>{B72F8309-BA92-3D22-9EC2-2E5FA3E7DA28}</UniqueIdentifier>
    </Filter>
  </ItemGroup>
</Project>
