<?xml version="1.0" encoding="utf-8"?>
<Project ToolsVersion="4.0" xmlns="http://schemas.microsoft.com/developer/msbuild/2003">
  <ItemGroup>
    <Filter Include="소스 파일">
      <UniqueIdentifier>{4FC737F1-C7A5-4376-A066-2A32D752A2FF}</UniqueIdentifier>
      <Extensions>cpp;c;cc;cxx;c++;cppm;ixx;def;odl;idl;hpj;bat;asm;asmx</Extensions>
    </Filter>
    <Filter Include="헤더 파일">
      <UniqueIdentifier>{93995380-89BD-4b04-88EB-625FBE52EBFB}</UniqueIdentifier>
      <Extensions>h;hh;hpp;hxx;h++;hm;inl;inc;ipp;xsd</Extensions>
    </Filter>
    <Filter Include="리소스 파일">
      <UniqueIdentifier>{67DA6AB6-F800-4c08-8B7A-83BB121AAD01}</UniqueIdentifier>
      <Extensions>rc;ico;cur;bmp;dlg;rc2;rct;bin;rgs;gif;jpg;jpeg;jpe;resx;tiff;tif;png;wav;mfcribbon-ms</Extensions>
    </Filter>
    <Filter Include="Peer">
      <UniqueIdentifier>{fbea2afb-82ae-4587-a05f-0c51c289006d}</UniqueIdentifier>
    </Filter>
    <Filter Include="Event">
      <UniqueIdentifier>{8dba0ea1-9c59-4851-86a5-6e1ac75a13f9}</UniqueIdentifier>
    </Filter>
    <Filter Include="Iocp">
      <UniqueIdentifier>{ff6a1c93-dec1-414d-ab99-29626084677e}</UniqueIdentifier>
    </Filter>
    <Filter Include="Socket">
      <UniqueIdentifier>{d35c8bdc-53b1-4416-8579-2bde1eb96aa7}</UniqueIdentifier>
    </Filter>
    <Filter Include="Component">
      <UniqueIdentifier>{d7e14b57-fab5-4cea-8ea9-eb0208326962}</UniqueIdentifier>
    </Filter>
    <Filter Include="Dispatcher">
      <UniqueIdentifier>{2544077e-36b3-41bf-87ce-13efbe8b72ba}</UniqueIdentifier>
    </Filter>
    <Filter Include="Sink">
      <UniqueIdentifier>{2a463e30-f96b-4ff1-8468-a6c781984624}</UniqueIdentifier>
    </Filter>
    <Filter Include="Task">
      <UniqueIdentifier>{dfad9956-3aa6-47d8-b706-5941818700d6}</UniqueIdentifier>
    </Filter>
    <Filter Include="PacketHandler">
      <UniqueIdentifier>{daf92dad-bd1f-43cf-9c56-2dc5ceff1db1}</UniqueIdentifier>
    </Filter>
    <Filter Include="Packet">
      <UniqueIdentifier>{671358a8-7f6d-40fa-b302-ea3e3c693b48}</UniqueIdentifier>
    </Filter>
    <Filter Include="Policy">
      <UniqueIdentifier>{736dad1b-84dc-4655-bc82-afcac7cd11dc}</UniqueIdentifier>
    </Filter>
  </ItemGroup>
  <ItemGroup>
    <ClInclude Include="pch.h">
      <Filter>헤더 파일</Filter>
    </ClInclude>
    <ClInclude Include="Peer.h">
      <Filter>Peer</Filter>
    </ClInclude>
    <ClInclude Include="AsyncTcpComponent.h">
      <Filter>Component</Filter>
    </ClInclude>
    <ClInclude Include="Socket.h">
      <Filter>Socket</Filter>
    </ClInclude>
    <ClInclude Include="AsyncTcpEventSink.h">
      <Filter>Sink</Filter>
    </ClInclude>
    <ClInclude Include="AsyncTcpEvent.h">
      <Filter>Event</Filter>
    </ClInclude>
    <ClInclude Include="AsyncEvent.h">
      <Filter>Event</Filter>
    </ClInclude>
    <ClInclude Include="AsyncEventSink.h">
      <Filter>Sink</Filter>
    </ClInclude>
    <ClInclude Include="AsyncDispatcher.h">
      <Filter>Dispatcher</Filter>
    </ClInclude>
    <ClInclude Include="Iocp.h">
      <Filter>Iocp</Filter>
    </ClInclude>
    <ClInclude Include="MarshalerComponent.h">
      <Filter>헤더 파일</Filter>
    </ClInclude>
    <ClInclude Include="NetworkAppManager.h">
      <Filter>헤더 파일</Filter>
    </ClInclude>
    <ClInclude Include="Handler.h">
      <Filter>PacketHandler</Filter>
    </ClInclude>
    <ClInclude Include="HandlerRegistry.h">
      <Filter>PacketHandler</Filter>
    </ClInclude>
    <ClInclude Include="PacketHandler.h">
      <Filter>PacketHandler</Filter>
    </ClInclude>
    <ClInclude Include="Packet.h">
      <Filter>Packet</Filter>
    </ClInclude>
    <ClInclude Include="PacketBase.h">
      <Filter>Packet</Filter>
    </ClInclude>
    <ClInclude Include="PacketReader.h">
      <Filter>Packet</Filter>
    </ClInclude>
    <ClInclude Include="PacketRegistry.h">
      <Filter>Packet</Filter>
    </ClInclude>
    <ClInclude Include="PacketWriter.h">
      <Filter>Packet</Filter>
    </ClInclude>
    <ClInclude Include="PeerFacade.h">
      <Filter>Peer</Filter>
    </ClInclude>
    <ClInclude Include="PeerListener.h">
      <Filter>Peer</Filter>
    </ClInclude>
    <ClInclude Include="SendPolicy.h">
      <Filter>Policy</Filter>
    </ClInclude>
    <ClInclude Include="ListenSystem.h">
      <Filter>Peer</Filter>
    </ClInclude>
    <ClInclude Include="AsyncTask.h">
      <Filter>Task</Filter>
    </ClInclude>
    <ClInclude Include="PeerRegister.h">
      <Filter>Peer</Filter>
    </ClInclude>
    <ClInclude Include="PeerDef.h">
      <Filter>Peer</Filter>
    </ClInclude>
    <ClInclude Include="AsyncTimerEvent.h">
      <Filter>헤더 파일</Filter>
    </ClInclude>
  </ItemGroup>
  <ItemGroup>
    <ClCompile Include="pch.cpp">
      <Filter>소스 파일</Filter>
    </ClCompile>
    <ClCompile Include="Peer.cpp">
      <Filter>Peer</Filter>
    </ClCompile>
    <ClCompile Include="AsyncTcpComponent.cpp">
      <Filter>Component</Filter>
    </ClCompile>
    <ClCompile Include="Socket.cpp">
      <Filter>Socket</Filter>
    </ClCompile>
    <ClCompile Include="AsyncTcpEventSink.cpp">
      <Filter>Sink</Filter>
    </ClCompile>
    <ClCompile Include="AsyncTcpEvent.cpp">
      <Filter>Event</Filter>
    </ClCompile>
    <ClCompile Include="AsyncEvent.cpp">
      <Filter>Event</Filter>
    </ClCompile>
    <ClCompile Include="AsyncEventSink.cpp">
      <Filter>Sink</Filter>
    </ClCompile>
    <ClCompile Include="AsyncDispatcher.cpp">
      <Filter>Dispatcher</Filter>
    </ClCompile>
    <ClCompile Include="Iocp.cpp">
      <Filter>Iocp</Filter>
    </ClCompile>
    <ClCompile Include="MarshalerComponent.cpp">
      <Filter>소스 파일</Filter>
    </ClCompile>
    <ClCompile Include="NetworkAppManager.cpp">
      <Filter>소스 파일</Filter>
    </ClCompile>
    <ClCompile Include="Handler.cpp">
      <Filter>PacketHandler</Filter>
    </ClCompile>
    <ClCompile Include="HandlerRegistry.cpp">
      <Filter>PacketHandler</Filter>
    </ClCompile>
    <ClCompile Include="PacketHandler.cpp">
      <Filter>PacketHandler</Filter>
    </ClCompile>
    <ClCompile Include="Packet.cpp">
      <Filter>Packet</Filter>
    </ClCompile>
    <ClCompile Include="PacketBase.cpp">
      <Filter>Packet</Filter>
    </ClCompile>
    <ClCompile Include="PacketReader.cpp">
      <Filter>Packet</Filter>
    </ClCompile>
    <ClCompile Include="PacketRegistry.cpp">
      <Filter>Packet</Filter>
    </ClCompile>
    <ClCompile Include="PacketWriter.cpp">
      <Filter>Packet</Filter>
    </ClCompile>
    <ClCompile Include="PeerFacade.cpp">
      <Filter>Peer</Filter>
    </ClCompile>
    <ClCompile Include="PeerListener.cpp">
      <Filter>Peer</Filter>
    </ClCompile>
    <ClCompile Include="SendPolicy.cpp">
      <Filter>Policy</Filter>
    </ClCompile>
    <ClCompile Include="ListenSystem.cpp">
      <Filter>Peer</Filter>
    </ClCompile>
    <ClCompile Include="AsyncTask.cpp">
      <Filter>Task</Filter>
    </ClCompile>
    <ClCompile Include="PeerRegister.cpp">
      <Filter>Peer</Filter>
    </ClCompile>
    <ClCompile Include="AsyncTimerEvent.cpp">
      <Filter>소스 파일</Filter>
    </ClCompile>
  </ItemGroup>
</Project>